<?xml version="1.0" encoding="UTF-8" standalone="yes" ?>
<CodeBlocks_project_file>
	<FileVersion major="1" minor="6" />
	<Project>
		<Option title="WPILib" />
		<Option pch_mode="2" />
		<Option compiler="gcc" />
		<Build>
			<Target title="Debug">
				<Option output="bin/Debug/WPILib" prefix_auto="1" extension_auto="1" />
				<Option working_dir="" />
				<Option object_output="obj/Debug/" />
				<Option type="2" />
				<Option compiler="gcc" />
				<Compiler>
					<Add option="-std=c++11" />
					<Add option="-g" />
					<Add option="-fpermissive" />
				</Compiler>
			</Target>
			<Target title="Release">
				<Option output="bin/Release/WPILib" prefix_auto="1" extension_auto="1" />
				<Option working_dir="" />
				<Option object_output="obj/Release/" />
				<Option type="2" />
				<Option compiler="gcc" />
				<Compiler>
					<Add option="-O2" />
					<Add option="-std=c++11" />
				</Compiler>
				<Linker>
					<Add option="-s" />
				</Linker>
			</Target>
		</Build>
		<Compiler>
			<Add option="-std=c++11" />
			<Add option="-Wextra" />
			<Add directory="include" />
			<Add directory="src" />
			<Add directory="src/FRC_FPGA_ChipObject" />
		</Compiler>
		<Unit filename="include/ADXL345_I2C.h" />
		<Unit filename="include/ADXL345_SPI.h" />
		<Unit filename="include/ADXL362.h" />
		<Unit filename="include/ADXRS450_Gyro.h" />
		<Unit filename="include/AnalogAccelerometer.h" />
		<Unit filename="include/AnalogGyro.h" />
		<Unit filename="include/AnalogInput.h" />
		<Unit filename="include/AnalogOutput.h" />
		<Unit filename="include/AnalogPotentiometer.h" />
		<Unit filename="include/AnalogTrigger.h" />
		<Unit filename="include/AnalogTriggerOutput.h" />
		<Unit filename="include/Base.h" />
		<Unit filename="include/BuiltInAccelerometer.h" />
		<Unit filename="include/Buttons/Button.h" />
		<Unit filename="include/Buttons/ButtonScheduler.h" />
		<Unit filename="include/Buttons/CancelButtonScheduler.h" />
		<Unit filename="include/Buttons/HeldButtonScheduler.h" />
		<Unit filename="include/Buttons/InternalButton.h" />
		<Unit filename="include/Buttons/JoystickButton.h" />
		<Unit filename="include/Buttons/NetworkButton.h" />
		<Unit filename="include/Buttons/PressedButtonScheduler.h" />
		<Unit filename="include/Buttons/ReleasedButtonScheduler.h" />
		<Unit filename="include/Buttons/ToggleButtonScheduler.h" />
		<Unit filename="include/Buttons/Trigger.h" />
		<Unit filename="include/CAN/can_proto.h" />
		<Unit filename="include/CANJaguar.h" />
		<Unit filename="include/CANSpeedController.h" />
		<Unit filename="include/CANTalon.h" />
		<Unit filename="include/CameraServer.h" />
		<Unit filename="include/CircularBuffer.h" />
		<Unit filename="include/Commands/Command.h" />
		<Unit filename="include/Commands/CommandGroup.h" />
		<Unit filename="include/Commands/CommandGroupEntry.h" />
		<Unit filename="include/Commands/PIDCommand.h" />
		<Unit filename="include/Commands/PIDSubsystem.h" />
		<Unit filename="include/Commands/PrintCommand.h" />
		<Unit filename="include/Commands/Scheduler.h" />
		<Unit filename="include/Commands/StartCommand.h" />
		<Unit filename="include/Commands/Subsystem.h" />
		<Unit filename="include/Commands/WaitCommand.h" />
		<Unit filename="include/Commands/WaitForChildren.h" />
		<Unit filename="include/Commands/WaitUntilCommand.h" />
		<Unit filename="include/Compressor.h" />
		<Unit filename="include/Controller.h" />
		<Unit filename="include/ControllerPower.h" />
		<Unit filename="include/Counter.h" />
		<Unit filename="include/CounterBase.h" />
		<Unit filename="include/DigitalGlitchFilter.h" />
		<Unit filename="include/DigitalInput.h" />
		<Unit filename="include/DigitalOutput.h" />
		<Unit filename="include/DigitalSource.h" />
		<Unit filename="include/DoubleSolenoid.h" />
		<Unit filename="include/DriverStation.h" />
		<Unit filename="include/Encoder.h" />
		<Unit filename="include/Error.h" />
		<Unit filename="include/ErrorBase.h" />
		<Unit filename="include/Filters/Filter.h" />
		<Unit filename="include/Filters/LinearDigitalFilter.h" />
		<Unit filename="include/GearTooth.h" />
		<Unit filename="include/GenericHID.h" />
		<Unit filename="include/GyroBase.h" />
		<Unit filename="include/HAL/Accelerometer.hpp" />
		<Unit filename="include/HAL/Analog.hpp" />
		<Unit filename="include/HAL/CAN.hpp" />
		<Unit filename="include/HAL/CanTalonSRX.h" />
		<Unit filename="include/HAL/Compressor.hpp" />
		<Unit filename="include/HAL/Digital.hpp" />
		<Unit filename="include/HAL/Errors.hpp" />
		<Unit filename="include/HAL/HAL.hpp" />
		<Unit filename="include/HAL/Interrupts.hpp" />
		<Unit filename="include/HAL/Notifier.hpp" />
		<Unit filename="include/HAL/PDP.hpp" />
		<Unit filename="include/HAL/Port.h" />
		<Unit filename="include/HAL/Power.hpp" />
		<Unit filename="include/HAL/Semaphore.hpp" />
		<Unit filename="include/HAL/SerialPort.hpp" />
		<Unit filename="include/HAL/Solenoid.hpp" />
		<Unit filename="include/HAL/Task.hpp" />
		<Unit filename="include/HAL/Utilities.hpp" />
		<Unit filename="include/HAL/cpp/Resource.hpp" />
		<Unit filename="include/HAL/cpp/Semaphore.hpp" />
		<Unit filename="include/HAL/cpp/priority_condition_variable.h" />
		<Unit filename="include/HAL/cpp/priority_mutex.h" />
		<Unit filename="include/HLUsageReporting.h" />
		<Unit filename="include/I2C.h" />
		<Unit filename="include/Internal/HardwareHLReporting.h" />
		<Unit filename="include/InterruptableSensorBase.h" />
		<Unit filename="include/IterativeRobot.h" />
		<Unit filename="include/Jaguar.h" />
		<Unit filename="include/Joystick.h" />
		<Unit filename="include/LiveWindow/LiveWindow.h" />
		<Unit filename="include/LiveWindow/LiveWindowSendable.h" />
		<Unit filename="include/LiveWindow/LiveWindowStatusListener.h" />
		<Unit filename="include/Log.hpp" />
		<Unit filename="include/MotorSafety.h" />
		<Unit filename="include/MotorSafetyHelper.h" />
		<Unit filename="include/NIIMAQdx.h" />
		<Unit filename="include/NetworkCommunication/AICalibration.h" />
		<Unit filename="include/NetworkCommunication/CANInterfacePlugin.h" />
		<Unit filename="include/NetworkCommunication/CANSessionMux.h" />
		<Unit filename="include/NetworkCommunication/FRCComm.h" />
		<Unit filename="include/NetworkCommunication/LoadOut.h" />
		<Unit filename="include/NetworkCommunication/symModuleLink.h" />
		<Unit filename="include/Notifier.h" />
		<Unit filename="include/PIDController.h" />
		<Unit filename="include/PIDInterface.h" />
		<Unit filename="include/PIDOutput.h" />
		<Unit filename="include/PIDSource.h" />
		<Unit filename="include/PWM.h" />
		<Unit filename="include/PWMSpeedController.h" />
		<Unit filename="include/PowerDistributionPanel.h" />
		<Unit filename="include/Preferences.h" />
		<Unit filename="include/Relay.h" />
		<Unit filename="include/Resource.h" />
		<Unit filename="include/RobotBase.h" />
		<Unit filename="include/RobotDrive.h" />
		<Unit filename="include/RobotState.h" />
		<Unit filename="include/SD540.h" />
		<Unit filename="include/SPI.h" />
		<Unit filename="include/SafePWM.h" />
		<Unit filename="include/SampleRobot.h" />
		<Unit filename="include/SensorBase.h" />
		<Unit filename="include/SerialPort.h" />
		<Unit filename="include/Servo.h" />
		<Unit filename="include/SmartDashboard/NamedSendable.h" />
		<Unit filename="include/SmartDashboard/Sendable.h" />
		<Unit filename="include/SmartDashboard/SendableChooser.h" />
		<Unit filename="include/SmartDashboard/SmartDashboard.h" />
		<Unit filename="include/Solenoid.h" />
		<Unit filename="include/SolenoidBase.h" />
		<Unit filename="include/Spark.h" />
		<Unit filename="include/SpeedController.h" />
		<Unit filename="include/Talon.h" />
		<Unit filename="include/TalonSRX.h" />
		<Unit filename="include/Task.h" />
		<Unit filename="include/Timer.h" />
		<Unit filename="include/USBCamera.h" />
		<Unit filename="include/Ultrasonic.h" />
		<Unit filename="include/Utility.h" />
		<Unit filename="include/Victor.h" />
		<Unit filename="include/VictorSP.h" />
		<Unit filename="include/Vision/AxisCamera.h" />
		<Unit filename="include/Vision/BaeUtilities.h" />
		<Unit filename="include/Vision/BinaryImage.h" />
		<Unit filename="include/Vision/ColorImage.h" />
		<Unit filename="include/Vision/FrcError.h" />
		<Unit filename="include/Vision/HSLImage.h" />
		<Unit filename="include/Vision/ImageBase.h" />
		<Unit filename="include/Vision/MonoImage.h" />
		<Unit filename="include/Vision/RGBImage.h" />
		<Unit filename="include/Vision/Threshold.h" />
		<Unit filename="include/Vision/VisionAPI.h" />
		<Unit filename="include/WPIErrors.h" />
		<Unit filename="include/WPILib.h" />
		<Unit filename="include/ctre/CtreCanNode.h" />
		<Unit filename="include/ctre/PCM.h" />
		<Unit filename="include/ctre/PDP.h" />
		<Unit filename="include/ctre/ctre.h" />
		<Unit filename="include/ctre/ctre_frames.h" />
		<Unit filename="include/interfaces/Accelerometer.h" />
		<Unit filename="include/interfaces/Gyro.h" />
		<Unit filename="include/interfaces/Potentiometer.h" />
		<Unit filename="include/llvm/AlignOf.h" />
		<Unit filename="include/llvm/ArrayRef.h" />
		<Unit filename="include/llvm/Compiler.h" />
		<Unit filename="include/llvm/DenseMap.h" />
		<Unit filename="include/llvm/DenseMapInfo.h" />
		<Unit filename="include/llvm/EpochTracker.h" />
		<Unit filename="include/llvm/MathExtras.h" />
		<Unit filename="include/llvm/None.h" />
		<Unit filename="include/llvm/PointerLikeTypeTraits.h" />
		<Unit filename="include/llvm/SmallPtrSet.h" />
		<Unit filename="include/llvm/SmallString.h" />
		<Unit filename="include/llvm/SmallVector.h" />
		<Unit filename="include/llvm/StringExtras.h" />
		<Unit filename="include/llvm/StringMap.h" />
		<Unit filename="include/llvm/StringRef.h" />
		<Unit filename="include/llvm/iterator_range.h" />
		<Unit filename="include/llvm/type_traits.h" />
		<Unit filename="include/networktables/NetworkTable.h" />
		<Unit filename="include/nivision.h" />
		<Unit filename="include/nt_Value.h" />
		<Unit filename="include/ntcore.h" />
		<Unit filename="include/ntcore_c.h" />
		<Unit filename="include/ntcore_cpp.h" />
		<Unit filename="include/tables/ITable.h" />
		<Unit filename="include/tables/ITableListener.h" />
		<Unit filename="include/tables/TableKeyNotDefinedException.h" />
		<Unit filename="main.cpp" />
		<Unit filename="src/ADXL345_I2C.cpp" />
		<Unit filename="src/ADXL345_SPI.cpp" />
		<Unit filename="src/ADXL362.cpp" />
		<Unit filename="src/ADXRS450_Gyro.cpp" />
		<Unit filename="src/Accelerometer.cpp" />
		<Unit filename="src/Analog.cpp" />
		<Unit filename="src/AnalogAccelerometer.cpp" />
		<Unit filename="src/AnalogGyro.cpp" />
		<Unit filename="src/AnalogInput.cpp" />
		<Unit filename="src/AnalogOutput.cpp" />
		<Unit filename="src/AnalogPotentiometer.cpp" />
		<Unit filename="src/AnalogTrigger.cpp" />
		<Unit filename="src/AnalogTriggerOutput.cpp" />
		<Unit filename="src/Base64.cpp" />
		<Unit filename="src/Base64.h" />
		<Unit filename="src/BuiltInAccelerometer.cpp" />
		<Unit filename="src/Buttons/Button.cpp" />
		<Unit filename="src/Buttons/ButtonScheduler.cpp" />
		<Unit filename="src/Buttons/CancelButtonScheduler.cpp" />
		<Unit filename="src/Buttons/HeldButtonScheduler.cpp" />
		<Unit filename="src/Buttons/InternalButton.cpp" />
		<Unit filename="src/Buttons/JoystickButton.cpp" />
		<Unit filename="src/Buttons/NetworkButton.cpp" />
		<Unit filename="src/Buttons/PressedButtonScheduler.cpp" />
		<Unit filename="src/Buttons/ReleasedButtonScheduler.cpp" />
		<Unit filename="src/Buttons/ToggleButtonScheduler.cpp" />
		<Unit filename="src/Buttons/Trigger.cpp" />
		<Unit filename="src/CANJaguar.cpp" />
		<Unit filename="src/CANTalon.cpp" />
		<Unit filename="src/CameraServer.cpp" />
		<Unit filename="src/ChipObject.h" />
		<Unit filename="src/Commands/Command.cpp" />
		<Unit filename="src/Commands/CommandGroup.cpp" />
		<Unit filename="src/Commands/CommandGroupEntry.cpp" />
		<Unit filename="src/Commands/PIDCommand.cpp" />
		<Unit filename="src/Commands/PIDSubsystem.cpp" />
		<Unit filename="src/Commands/PrintCommand.cpp" />
		<Unit filename="src/Commands/Scheduler.cpp" />
		<Unit filename="src/Commands/StartCommand.cpp" />
		<Unit filename="src/Commands/Subsystem.cpp" />
		<Unit filename="src/Commands/WaitCommand.cpp" />
		<Unit filename="src/Commands/WaitForChildren.cpp" />
		<Unit filename="src/Commands/WaitUntilCommand.cpp" />
		<Unit filename="src/Compressor.cpp" />
		<Unit filename="src/ControllerPower.cpp" />
		<Unit filename="src/Counter.cpp" />
		<Unit filename="src/Desktop/HALDesktop.cpp" />
		<Unit filename="src/Digital.cpp" />
		<Unit filename="src/DigitalGlitchFilter.cpp" />
		<Unit filename="src/DigitalInput.cpp" />
		<Unit filename="src/DigitalOutput.cpp" />
		<Unit filename="src/Dispatcher.cpp" />
		<Unit filename="src/Dispatcher.h" />
		<Unit filename="src/DoubleSolenoid.cpp" />
		<Unit filename="src/DriverStation.cpp" />
		<Unit filename="src/Encoder.cpp" />
		<Unit filename="src/Error.cpp" />
		<Unit filename="src/ErrorBase.cpp" />
		<Unit filename="src/FRC_FPGA_ChipObject/FRC_FPGA_ChipObject_Aliases.h" />
		<Unit filename="src/FRC_FPGA_ChipObject/RoboRIO_FRC_ChipObject_Aliases.h" />
		<Unit filename="src/FRC_FPGA_ChipObject/fpgainterfacecapi/NiFpga.h" />
		<Unit filename="src/FRC_FPGA_ChipObject/nInvariantFPGANamespace/nInterfaceGlobals.h" />
		<Unit filename="src/FRC_FPGA_ChipObject/nInvariantFPGANamespace/tAI.h" />
		<Unit filename="src/FRC_FPGA_ChipObject/nInvariantFPGANamespace/tGlobal.h" />
		<Unit filename="src/FRC_FPGA_ChipObject/nInvariantFPGANamespace/tLoadOut.h" />
		<Unit filename="src/FRC_FPGA_ChipObject/nRoboRIO_FPGANamespace/nInterfaceGlobals.h" />
		<Unit filename="src/FRC_FPGA_ChipObject/nRoboRIO_FPGANamespace/tAI.h" />
		<Unit filename="src/FRC_FPGA_ChipObject/nRoboRIO_FPGANamespace/tAO.h" />
		<Unit filename="src/FRC_FPGA_ChipObject/nRoboRIO_FPGANamespace/tAccel.h" />
		<Unit filename="src/FRC_FPGA_ChipObject/nRoboRIO_FPGANamespace/tAccumulator.h" />
		<Unit filename="src/FRC_FPGA_ChipObject/nRoboRIO_FPGANamespace/tAlarm.h" />
		<Unit filename="src/FRC_FPGA_ChipObject/nRoboRIO_FPGANamespace/tAnalogTrigger.h" />
		<Unit filename="src/FRC_FPGA_ChipObject/nRoboRIO_FPGANamespace/tBIST.h" />
		<Unit filename="src/FRC_FPGA_ChipObject/nRoboRIO_FPGANamespace/tCounter.h" />
		<Unit filename="src/FRC_FPGA_ChipObject/nRoboRIO_FPGANamespace/tDIO.h" />
		<Unit filename="src/FRC_FPGA_ChipObject/nRoboRIO_FPGANamespace/tDMA.h" />
		<Unit filename="src/FRC_FPGA_ChipObject/nRoboRIO_FPGANamespace/tEncoder.h" />
		<Unit filename="src/FRC_FPGA_ChipObject/nRoboRIO_FPGANamespace/tGlobal.h" />
		<Unit filename="src/FRC_FPGA_ChipObject/nRoboRIO_FPGANamespace/tInterrupt.h" />
		<Unit filename="src/FRC_FPGA_ChipObject/nRoboRIO_FPGANamespace/tPWM.h" />
		<Unit filename="src/FRC_FPGA_ChipObject/nRoboRIO_FPGANamespace/tPower.h" />
		<Unit filename="src/FRC_FPGA_ChipObject/nRoboRIO_FPGANamespace/tRelay.h" />
		<Unit filename="src/FRC_FPGA_ChipObject/nRoboRIO_FPGANamespace/tSPI.h" />
		<Unit filename="src/FRC_FPGA_ChipObject/nRoboRIO_FPGANamespace/tSysWatchdog.h" />
		<Unit filename="src/FRC_FPGA_ChipObject/nRuntimeFPGANamespace/nInterfaceGlobals.h" />
		<Unit filename="src/FRC_FPGA_ChipObject/nRuntimeFPGANamespace/tAI.h" />
		<Unit filename="src/FRC_FPGA_ChipObject/nRuntimeFPGANamespace/tAccumulator.h" />
		<Unit filename="src/FRC_FPGA_ChipObject/nRuntimeFPGANamespace/tAlarm.h" />
		<Unit filename="src/FRC_FPGA_ChipObject/nRuntimeFPGANamespace/tAnalogTrigger.h" />
		<Unit filename="src/FRC_FPGA_ChipObject/nRuntimeFPGANamespace/tCounter.h" />
		<Unit filename="src/FRC_FPGA_ChipObject/nRuntimeFPGANamespace/tDIO.h" />
		<Unit filename="src/FRC_FPGA_ChipObject/nRuntimeFPGANamespace/tDMA.h" />
		<Unit filename="src/FRC_FPGA_ChipObject/nRuntimeFPGANamespace/tEncoder.h" />
		<Unit filename="src/FRC_FPGA_ChipObject/nRuntimeFPGANamespace/tGlobal.h" />
		<Unit filename="src/FRC_FPGA_ChipObject/nRuntimeFPGANamespace/tInterrupt.h" />
		<Unit filename="src/FRC_FPGA_ChipObject/nRuntimeFPGANamespace/tSPI.h" />
		<Unit filename="src/FRC_FPGA_ChipObject/nRuntimeFPGANamespace/tSolenoid.h" />
		<Unit filename="src/FRC_FPGA_ChipObject/nRuntimeFPGANamespace/tSysWatchdog.h" />
		<Unit filename="src/FRC_FPGA_ChipObject/nRuntimeFPGANamespace/tWatchdog.h" />
		<Unit filename="src/FRC_FPGA_ChipObject/printFpgaVersion.h" />
		<Unit filename="src/FRC_FPGA_ChipObject/tDMAChannelDescriptor.h" />
		<Unit filename="src/FRC_FPGA_ChipObject/tDMAManager.h" />
		<Unit filename="src/FRC_FPGA_ChipObject/tInterruptManager.h" />
		<Unit filename="src/FRC_FPGA_ChipObject/tSystem.h" />
		<Unit filename="src/FRC_FPGA_ChipObject/tSystemInterface.h" />
		<Unit filename="src/FRC_NetworkCommunication/AICalibration.h" />
		<Unit filename="src/FRC_NetworkCommunication/CANInterfacePlugin.h" />
		<Unit filename="src/FRC_NetworkCommunication/CANSessionMux.h" />
		<Unit filename="src/FRC_NetworkCommunication/FRCComm.h" />
		<Unit filename="src/FRC_NetworkCommunication/LoadOut.h" />
		<Unit filename="src/FRC_NetworkCommunication/UsageReporting.h" />
		<Unit filename="src/Filters/Filter.cpp" />
		<Unit filename="src/Filters/LinearDigitalFilter.cpp" />
		<Unit filename="src/GearTooth.cpp" />
		<Unit filename="src/GyroBase.cpp" />
		<Unit filename="src/HALAthena.cpp" />
		<Unit filename="src/HLUsageReporting.cpp" />
		<Unit filename="src/I2C.cpp" />
		<Unit filename="src/Internal/HardwareHLReporting.cpp" />
		<Unit filename="src/InterruptableSensorBase.cpp" />
		<Unit filename="src/Interrupts.cpp" />
		<Unit filename="src/IterativeRobot.cpp" />
		<Unit filename="src/Jaguar.cpp" />
		<Unit filename="src/Joystick.cpp" />
		<Unit filename="src/LiveWindow/LiveWindow.cpp" />
		<Unit filename="src/LiveWindow/LiveWindowStatusListener.cpp" />
		<Unit filename="src/Log.cpp" />
		<Unit filename="src/Log.h" />
		<Unit filename="src/Message.cpp" />
		<Unit filename="src/Message.h" />
		<Unit filename="src/MotorSafetyHelper.cpp" />
		<Unit filename="src/NetworkConnection.cpp" />
		<Unit filename="src/NetworkConnection.h" />
		<Unit filename="src/Notifier.cpp" />
		<Unit filename="src/Notifier.h" />
		<Unit filename="src/PDP.cpp" />
		<Unit filename="src/PIDController.cpp" />
		<Unit filename="src/PIDSource.cpp" />
		<Unit filename="src/PWM.cpp" />
		<Unit filename="src/PWMSpeedController.cpp" />
		<Unit filename="src/Power.cpp" />
		<Unit filename="src/PowerDistributionPanel.cpp" />
		<Unit filename="src/Preferences.cpp" />
		<Unit filename="src/Relay.cpp" />
		<Unit filename="src/Resource.cpp" />
		<Unit filename="src/RobotBase.cpp" />
		<Unit filename="src/RobotDrive.cpp" />
		<Unit filename="src/RobotState.cpp" />
		<Unit filename="src/RpcServer.cpp" />
		<Unit filename="src/RpcServer.h" />
		<Unit filename="src/SD540.cpp" />
		<Unit filename="src/SPI.cpp" />
		<Unit filename="src/SafePWM.cpp" />
		<Unit filename="src/SafeThread.cpp" />
		<Unit filename="src/SafeThread.h" />
		<Unit filename="src/SampleRobot.cpp" />
		<Unit filename="src/Semaphore.cpp" />
		<Unit filename="src/SensorBase.cpp" />
		<Unit filename="src/SequenceNumber.cpp" />
		<Unit filename="src/SequenceNumber.h" />
		<Unit filename="src/SerialPort.cpp" />
		<Unit filename="src/Servo.cpp" />
		<Unit filename="src/Shared/FRC_NetworkCommunication/FRCComm.h" />
		<Unit filename="src/Shared/HAL.cpp" />
		<Unit filename="src/SmartDashboard/SendableChooser.cpp" />
		<Unit filename="src/SmartDashboard/SmartDashboard.cpp" />
		<Unit filename="src/Solenoid.cpp" />
		<Unit filename="src/SolenoidBase.cpp" />
		<Unit filename="src/Spark.cpp" />
		<Unit filename="src/Storage.cpp" />
		<Unit filename="src/Storage.h" />
		<Unit filename="src/Talon.cpp" />
		<Unit filename="src/TalonSRX.cpp" />
		<Unit filename="src/Task.cpp" />
		<Unit filename="src/Timer.cpp" />
		<Unit filename="src/USBCamera.cpp" />
		<Unit filename="src/Ultrasonic.cpp" />
		<Unit filename="src/Utilities.cpp" />
		<Unit filename="src/Utility.cpp" />
		<Unit filename="src/Value.cpp" />
		<Unit filename="src/Value_internal.h" />
		<Unit filename="src/Victor.cpp" />
		<Unit filename="src/VictorSP.cpp" />
		<Unit filename="src/Vision/AxisCamera.cpp" />
		<Unit filename="src/Vision/BaeUtilities.cpp" />
		<Unit filename="src/Vision/BinaryImage.cpp" />
		<Unit filename="src/Vision/ColorImage.cpp" />
		<Unit filename="src/Vision/FrcError.cpp" />
		<Unit filename="src/Vision/HSLImage.cpp" />
		<Unit filename="src/Vision/ImageBase.cpp" />
		<Unit filename="src/Vision/MonoImage.cpp" />
		<Unit filename="src/Vision/RGBImage.cpp" />
		<Unit filename="src/Vision/Threshold.cpp" />
		<Unit filename="src/Vision/VisionAPI.cpp" />
		<Unit filename="src/WireDecoder.cpp" />
		<Unit filename="src/WireDecoder.h" />
		<Unit filename="src/WireEncoder.cpp" />
		<Unit filename="src/WireEncoder.h" />
		<Unit filename="src/atomic_static.h" />
		<Unit filename="src/cpp/Resource.cpp" />
		<Unit filename="src/cpp/Semaphore.cpp" />
		<Unit filename="src/cpp/priority_mutex.cpp" />
		<Unit filename="src/ctre/CanTalonSRX.cpp" />
		<Unit filename="src/ctre/CtreCanNode.cpp" />
		<Unit filename="src/ctre/PCM.cpp" />
		<Unit filename="src/ctre/PDP.cpp" />
		<Unit filename="src/frccansae/CANDeviceInterface.h" />
		<Unit filename="src/i2clib/i2c-lib.h" />
		<Unit filename="src/interfaces/Potentiometer.cpp" />
		<Unit filename="src/leb128.cpp" />
		<Unit filename="src/leb128.h" />
		<Unit filename="src/llvm/SmallPtrSet.cpp" />
		<Unit filename="src/llvm/SmallVector.cpp" />
		<Unit filename="src/llvm/StringExtras.cpp" />
		<Unit filename="src/llvm/StringMap.cpp" />
		<Unit filename="src/llvm/StringRef.cpp" />
		<Unit filename="src/networktables/NetworkTable.cpp" />
		<Unit filename="src/ntcore_c.cpp" />
		<Unit filename="src/ntcore_cpp.cpp" />
		<Unit filename="src/raw_istream.cpp" />
		<Unit filename="src/raw_istream.h" />
		<Unit filename="src/raw_socket_istream.cpp" />
		<Unit filename="src/raw_socket_istream.h" />
		<Unit filename="src/spilib/spi-lib.h" />
		<Unit filename="src/support/ConcurrentQueue.h" />
		<Unit filename="src/support/timestamp.cpp" />
		<Unit filename="src/support/timestamp.h" />
		<Unit filename="src/tables/ITableListener.cpp" />
		<Unit filename="src/tables/TableKeyNotDefinedException.cpp" />
		<Unit filename="src/tcpsockets/NetworkAcceptor.h" />
		<Unit filename="src/tcpsockets/NetworkStream.h" />
		<Unit filename="src/tcpsockets/SocketError.cpp" />
		<Unit filename="src/tcpsockets/SocketError.h" />
		<Unit filename="src/tcpsockets/TCPAcceptor.cpp" />
		<Unit filename="src/tcpsockets/TCPAcceptor.h" />
		<Unit filename="src/tcpsockets/TCPConnector.cpp" />
		<Unit filename="src/tcpsockets/TCPConnector.h" />
		<Unit filename="src/tcpsockets/TCPStream.cpp" />
		<Unit filename="src/tcpsockets/TCPStream.h" />
		<Unit filename="src/visa/visa.h" />
		<Unit filename="src/visa/visatype.h" />
		<Extensions>
			<code_completion />
			<debugger />
		</Extensions>
	</Project>
</CodeBlocks_project_file>
